
Microsoft Visual Studio Solution File, Format Version 11.00
# Visual Studio 2010
Project("{FAE04EC0-301F-11D3-BF4B-00C04F79EFBC}") = "Revenant2D", "Assembly-CSharp.csproj", "{5F2B76AB-470C-59B5-79C8-5019F8B6466E}"
EndProject
Project("{FAE04EC0-301F-11D3-BF4B-00C04F79EFBC}") = "Revenant2D", "Assembly-CSharp-Editor.csproj", "{F087A1D9-4C08-2646-B773-7DC131C7A0ED}"
EndProject
Global
	GlobalSection(SolutionConfigurationPlatforms) = preSolution
		Debug|Any CPU = Debug|Any CPU
		Release|Any CPU = Release|Any CPU
	EndGlobalSection
	GlobalSection(ProjectConfigurationPlatforms) = postSolution
		{5F2B76AB-470C-59B5-79C8-5019F8B6466E}.Debug|Any CPU.ActiveCfg = Debug|Any CPU
		{5F2B76AB-470C-59B5-79C8-5019F8B6466E}.Debug|Any CPU.Build.0 = Debug|Any CPU
		{5F2B76AB-470C-59B5-79C8-5019F8B6466E}.Release|Any CPU.ActiveCfg = Release|Any CPU
		{5F2B76AB-470C-59B5-79C8-5019F8B6466E}.Release|Any CPU.Build.0 = Release|Any CPU
		{F087A1D9-4C08-2646-B773-7DC131C7A0ED}.Debug|Any CPU.ActiveCfg = Debug|Any CPU
		{F087A1D9-4C08-2646-B773-7DC131C7A0ED}.Debug|Any CPU.Build.0 = Debug|Any CPU
		{F087A1D9-4C08-2646-B773-7DC131C7A0ED}.Release|Any CPU.ActiveCfg = Release|Any CPU
		{F087A1D9-4C08-2646-B773-7DC131C7A0ED}.Release|Any CPU.Build.0 = Release|Any CPU
	EndGlobalSection
	GlobalSection(SolutionProperties) = preSolution
		HideSolutionNode = FALSE
	EndGlobalSection
	GlobalSection(MonoDevelopProperties) = preSolution
		StartupItem = Assembly-CSharp.csproj
	EndGlobalSection
EndGlobal
